// !$*UTF8*$!
{
	archiveVersion = 1;
	classes = {
	};
	objectVersion = 55;
	objects = {

/* Begin PBXBuildFile section */
		AD70A7C12750EFF200B6E4FA /* AppDelegate.swift in Sources */ = {isa = PBXBuildFile; fileRef = AD70A7C02750EFF200B6E4FA /* AppDelegate.swift */; };
		AD70A7C32750EFF200B6E4FA /* SceneDelegate.swift in Sources */ = {isa = PBXBuildFile; fileRef = AD70A7C22750EFF200B6E4FA /* SceneDelegate.swift */; };
		AD70A7C82750EFF200B6E4FA /* Main.storyboard in Resources */ = {isa = PBXBuildFile; fileRef = AD70A7C62750EFF200B6E4FA /* Main.storyboard */; };
		AD70A7CA2750EFF600B6E4FA /* Assets.xcassets in Resources */ = {isa = PBXBuildFile; fileRef = AD70A7C92750EFF600B6E4FA /* Assets.xcassets */; };
		AD70A7CD2750EFF600B6E4FA /* LaunchScreen.storyboard in Resources */ = {isa = PBXBuildFile; fileRef = AD70A7CB2750EFF600B6E4FA /* LaunchScreen.storyboard */; };
		AD70A7D52750F0A000B6E4FA /* MenuViewController.swift in Sources */ = {isa = PBXBuildFile; fileRef = AD70A7D42750F0A000B6E4FA /* MenuViewController.swift */; };
		AD70A7DB2750F37B00B6E4FA /* ProductCell.swift in Sources */ = {isa = PBXBuildFile; fileRef = AD70A7D92750F37B00B6E4FA /* ProductCell.swift */; };
		AD70A7DC2750F37B00B6E4FA /* ProductCell.xib in Resources */ = {isa = PBXBuildFile; fileRef = AD70A7DA2750F37B00B6E4FA /* ProductCell.xib */; };
		AD70A7DE2751107D00B6E4FA /* Menu.swift in Sources */ = {isa = PBXBuildFile; fileRef = AD70A7DD2751107D00B6E4FA /* Menu.swift */; };
/* End PBXBuildFile section */

/* Begin PBXFileReference section */
		AD70A7BD2750EFF200B6E4FA /* collection view.app */ = {isa = PBXFileReference; explicitFileType = wrapper.application; includeInIndex = 0; path = "collection view.app"; sourceTree = BUILT_PRODUCTS_DIR; };
		AD70A7C02750EFF200B6E4FA /* AppDelegate.swift */ = {isa = PBXFileReference; lastKnownFileType = sourcecode.swift; path = AppDelegate.swift; sourceTree = "<group>"; };
		AD70A7C22750EFF200B6E4FA /* SceneDelegate.swift */ = {isa = PBXFileReference; lastKnownFileType = sourcecode.swift; path = SceneDelegate.swift; sourceTree = "<group>"; };
		AD70A7C72750EFF200B6E4FA /* Base */ = {isa = PBXFileReference; lastKnownFileType = file.storyboard; name = Base; path = Base.lproj/Main.storyboard; sourceTree = "<group>"; };
		AD70A7C92750EFF600B6E4FA /* Assets.xcassets */ = {isa = PBXFileReference; lastKnownFileType = folder.assetcatalog; path = Assets.xcassets; sourceTree = "<group>"; };
		AD70A7CC2750EFF600B6E4FA /* Base */ = {isa = PBXFileReference; lastKnownFileType = file.storyboard; name = Base; path = Base.lproj/LaunchScreen.storyboard; sourceTree = "<group>"; };
		AD70A7CE2750EFF600B6E4FA /* Info.plist */ = {isa = PBXFileReference; lastKnownFileType = text.plist.xml; path = Info.plist; sourceTree = "<group>"; };
		AD70A7D42750F0A000B6E4FA /* MenuViewController.swift */ = {isa = PBXFileReference; lastKnownFileType = sourcecode.swift; path = MenuViewController.swift; sourceTree = "<group>"; };
		AD70A7D92750F37B00B6E4FA /* ProductCell.swift */ = {isa = PBXFileReference; lastKnownFileType = sourcecode.swift; path = ProductCell.swift; sourceTree = "<group>"; };
		AD70A7DA2750F37B00B6E4FA /* ProductCell.xib */ = {isa = PBXFileReference; lastKnownFileType = file.xib; path = ProductCell.xib; sourceTree = "<group>"; };
		AD70A7DD2751107D00B6E4FA /* Menu.swift */ = {isa = PBXFileReference; lastKnownFileType = sourcecode.swift; path = Menu.swift; sourceTree = "<group>"; };
/* End PBXFileReference section */

/* Begin PBXFrameworksBuildPhase section */
		AD70A7BA2750EFF200B6E4FA /* Frameworks */ = {
			isa = PBXFrameworksBuildPhase;
			buildActionMask = 2147483647;
			files = (
			);
			runOnlyForDeploymentPostprocessing = 0;
		};
/* End PBXFrameworksBuildPhase section */

/* Begin PBXGroup section */
		AD70A7B42750EFF200B6E4FA = {
			isa = PBXGroup;
			children = (
				AD70A7BF2750EFF200B6E4FA /* collection view */,
				AD70A7BE2750EFF200B6E4FA /* Products */,
			);
			sourceTree = "<group>";
		};
		AD70A7BE2750EFF200B6E4FA /* Products */ = {
			isa = PBXGroup;
			children = (
				AD70A7BD2750EFF200B6E4FA /* collection view.app */,
			);
			name = Products;
			sourceTree = "<group>";
		};
		AD70A7BF2750EFF200B6E4FA /* collection view */ = {
			isa = PBXGroup;
			children = (
				AD70A7D62750F2FC00B6E4FA /* MenuCells */,
				AD70A7C02750EFF200B6E4FA /* AppDelegate.swift */,
				AD70A7C22750EFF200B6E4FA /* SceneDelegate.swift */,
				AD70A7C62750EFF200B6E4FA /* Main.storyboard */,
				AD70A7C92750EFF600B6E4FA /* Assets.xcassets */,
				AD70A7CB2750EFF600B6E4FA /* LaunchScreen.storyboard */,
				AD70A7CE2750EFF600B6E4FA /* Info.plist */,
				AD70A7D42750F0A000B6E4FA /* MenuViewController.swift */,
				AD70A7DD2751107D00B6E4FA /* Menu.swift */,
			);
			path = "collection view";
			sourceTree = "<group>";
		};
		AD70A7D62750F2FC00B6E4FA /* MenuCells */ = {
			isa = PBXGroup;
			children = (
				AD70A7D92750F37B00B6E4FA /* ProductCell.swift */,
				AD70A7DA2750F37B00B6E4FA /* ProductCell.xib */,
			);
			path = MenuCells;
			sourceTree = "<group>";
		};
/* End PBXGroup section */

/* Begin PBXNativeTarget section */
		AD70A7BC2750EFF200B6E4FA /* collection view */ = {
			isa = PBXNativeTarget;
			buildConfigurationList = AD70A7D12750EFF600B6E4FA /* Build configuration list for PBXNativeTarget "collection view" */;
			buildPhases = (
				AD70A7B92750EFF200B6E4FA /* Sources */,
				AD70A7BA2750EFF200B6E4FA /* Frameworks */,
				AD70A7BB2750EFF200B6E4FA /* Resources */,
			);
			buildRules = (
			);
			dependencies = (
			);
			name = "collection view";
			productName = "colection view";
			productReference = AD70A7BD2750EFF200B6E4FA /* collection view.app */;
			productType = "com.apple.product-type.application";
		};
/* End PBXNativeTarget section */

/* Begin PBXProject section */
		AD70A7B52750EFF200B6E4FA /* Project object */ = {
			isa = PBXProject;
			attributes = {
				BuildIndependentTargetsInParallel = 1;
				LastSwiftUpdateCheck = 1310;
				LastUpgradeCheck = 1310;
				TargetAttributes = {
					AD70A7BC2750EFF200B6E4FA = {
						CreatedOnToolsVersion = 13.1;
					};
				};
			};
			buildConfigurationList = AD70A7B82750EFF200B6E4FA /* Build configuration list for PBXProject "collection view" */;
			compatibilityVersion = "Xcode 13.0";
			developmentRegion = en;
			hasScannedForEncodings = 0;
			knownRegions = (
				en,
				Base,
			);
			mainGroup = AD70A7B42750EFF200B6E4FA;
			productRefGroup = AD70A7BE2750EFF200B6E4FA /* Products */;
			projectDirPath = "";
			projectRoot = "";
			targets = (
				AD70A7BC2750EFF200B6E4FA /* collection view */,
			);
		};
/* End PBXProject section */

/* Begin PBXResourcesBuildPhase section */
		AD70A7BB2750EFF200B6E4FA /* Resources */ = {
			isa = PBXResourcesBuildPhase;
			buildActionMask = 2147483647;
			files = (
				AD70A7CD2750EFF600B6E4FA /* LaunchScreen.storyboard in Resources */,
				AD70A7DC2750F37B00B6E4FA /* ProductCell.xib in Resources */,
				AD70A7CA2750EFF600B6E4FA /* Assets.xcassets in Resources */,
				AD70A7C82750EFF200B6E4FA /* Main.storyboard in Resources */,
			);
			runOnlyForDeploymentPostprocessing = 0;
		};
/* End PBXResourcesBuildPhase section */

/* Begin PBXSourcesBuildPhase section */
		AD70A7B92750EFF200B6E4FA /* Sources */ = {
			isa = PBXSourcesBuildPhase;
			buildActionMask = 2147483647;
			files = (
				AD70A7C12750EFF200B6E4FA /* AppDelegate.swift in Sources */,
				AD70A7DB2750F37B00B6E4FA /* ProductCell.swift in Sources */,
				AD70A7C32750EFF200B6E4FA /* SceneDelegate.swift in Sources */,
				AD70A7D52750F0A000B6E4FA /* MenuViewController.swift in Sources */,
				AD70A7DE2751107D00B6E4FA /* Menu.swift in Sources */,
			);
			runOnlyForDeploymentPostprocessing = 0;
		};
/* End PBXSourcesBuildPhase section */

/* Begin PBXVariantGroup section */
		AD70A7C62750EFF200B6E4FA /* Main.storyboard */ = {
			isa = PBXVariantGroup;
			children = (
				AD70A7C72750EFF200B6E4FA /* Base */,
			);
			name = Main.storyboard;
			sourceTree = "<group>";
		};
		AD70A7CB2750EFF600B6E4FA /* LaunchScreen.storyboard */ = {
			isa = PBXVariantGroup;
			children = (
				AD70A7CC2750EFF600B6E4FA /* Base */,
			);
			name = LaunchScreen.storyboard;
			sourceTree = "<group>";
		};
/* End PBXVariantGroup section */

/* Begin XCBuildConfiguration section */
		AD70A7CF2750EFF600B6E4FA /* Debug */ = {
			isa = XCBuildConfiguration;
			buildSettings = {
				ALWAYS_SEARCH_USER_PATHS = NO;
				CLANG_ANALYZER_NONNULL = YES;
				CLANG_ANALYZER_NUMBER_OBJECT_CONVERSION = YES_AGGRESSIVE;
				CLANG_CXX_LANGUAGE_STANDARD = "gnu++17";
				CLANG_CXX_LIBRARY = "libc++";
				CLANG_ENABLE_MODULES = YES;
				CLANG_ENABLE_OBJC_ARC = YES;
				CLANG_ENABLE_OBJC_WEAK = YES;
				CLANG_WARN_BLOCK_CAPTURE_AUTORELEASING = YES;
				CLANG_WARN_BOOL_CONVERSION = YES;
				CLANG_WARN_COMMA = YES;
				CLANG_WARN_CONSTANT_CONVERSION = YES;
				CLANG_WARN_DEPRECATED_OBJC_IMPLEMENTATIONS = YES;
				CLANG_WARN_DIRECT_OBJC_ISA_USAGE = YES_ERROR;
				CLANG_WARN_DOCUMENTATION_COMMENTS = YES;
				CLANG_WARN_EMPTY_BODY = YES;
				CLANG_WARN_ENUM_CONVERSION = YES;
				CLANG_WARN_INFINITE_RECURSION = YES;
				CLANG_WARN_INT_CONVERSION = YES;
				CLANG_WARN_NON_LITERAL_NULL_CONVERSION = YES;
				CLANG_WARN_OBJC_IMPLICIT_RETAIN_SELF = YES;
				CLANG_WARN_OBJC_LITERAL_CONVERSION = YES;
				CLANG_WARN_OBJC_ROOT_CLASS = YES_ERROR;
				CLANG_WARN_QUOTED_INCLUDE_IN_FRAMEWORK_HEADER = YES;
				CLANG_WARN_RANGE_LOOP_ANALYSIS = YES;
				CLANG_WARN_STRICT_PROTOTYPES = YES;
				CLANG_WARN_SUSPICIOUS_MOVE = YES;
				CLANG_WARN_UNGUARDED_AVAILABILITY = YES_AGGRESSIVE;
				CLANG_WARN_UNREACHABLE_CODE = YES;
				CLANG_WARN__DUPLICATE_METHOD_MATCH = YES;
				COPY_PHASE_STRIP = NO;
				DEBUG_INFORMATION_FORMAT = dwarf;
				ENABLE_STRICT_OBJC_MSGSEND = YES;
				ENABLE_TESTABILITY = YES;
				GCC_C_LANGUAGE_STANDARD = gnu11;
				GCC_DYNAMIC_NO_PIC = NO;
				GCC_NO_COMMON_BLOCKS = YES;
				GCC_OPTIMIZATION_LEVEL = 0;
				GCC_PREPROCESSOR_DEFINITIONS = (
					"DEBUG=1",
					"$(inherited)",
				);
				GCC_WARN_64_TO_32_BIT_CONVERSION = YES;
				GCC_WARN_ABOUT_RETURN_TYPE = YES_ERROR;
				GCC_WARN_UNDECLARED_SELECTOR = YES;
				GCC_WARN_UNINITIALIZED_AUTOS = YES_AGGRESSIVE;
				GCC_WARN_UNUSED_FUNCTION = YES;
				GCC_WARN_UNUSED_VARIABLE = YES;
				IPHONEOS_DEPLOYMENT_TARGET = 15.0;
				MTL_ENABLE_DEBUG_INFO = INCLUDE_SOURCE;
				MTL_FAST_MATH = YES;
				ONLY_ACTIVE_ARCH = YES;
				SDKROOT = iphoneos;
				SWIFT_ACTIVE_COMPILATION_CONDITIONS = DEBUG;
				SWIFT_OPTIMIZATION_LEVEL = "-Onone";
			};
			name = Debug;
		};
		AD70A7D02750EFF600B6E4FA /* Release */ = {
			isa = XCBuildConfiguration;
			buildSettings = {
				ALWAYS_SEARCH_USER_PATHS = NO;
				CLANG_ANALYZER_NONNULL = YES;
				CLANG_ANALYZER_NUMBER_OBJECT_CONVERSION = YES_AGGRESSIVE;
				CLANG_CXX_LANGUAGE_STANDARD = "gnu++17";
				CLANG_CXX_LIBRARY = "libc++";
				CLANG_ENABLE_MODULES = YES;
				CLANG_ENABLE_OBJC_ARC = YES;
				CLANG_ENABLE_OBJC_WEAK = YES;
				CLANG_WARN_BLOCK_CAPTURE_AUTORELEASING = YES;
				CLANG_WARN_BOOL_CONVERSION = YES;
				CLANG_WARN_COMMA = YES;
				CLANG_WARN_CONSTANT_CONVERSION = YES;
				CLANG_WARN_DEPRECATED_OBJC_IMPLEMENTATIONS = YES;
				CLANG_WARN_DIRECT_OBJC_ISA_USAGE = YES_ERROR;
				CLANG_WARN_DOCUMENTATION_COMMENTS = YES;
				CLANG_WARN_EMPTY_BODY = YES;
				CLANG_WARN_ENUM_CONVERSION = YES;
				CLANG_WARN_INFINITE_RECURSION = YES;
				CLANG_WARN_INT_CONVERSION = YES;
				CLANG_WARN_NON_LITERAL_NULL_CONVERSION = YES;
				CLANG_WARN_OBJC_IMPLICIT_RETAIN_SELF = YES;
				CLANG_WARN_OBJC_LITERAL_CONVERSION = YES;
				CLANG_WARN_OBJC_ROOT_CLASS = YES_ERROR;
				CLANG_WARN_QUOTED_INCLUDE_IN_FRAMEWORK_HEADER = YES;
				CLANG_WARN_RANGE_LOOP_ANALYSIS = YES;
				CLANG_WARN_STRICT_PROTOTYPES = YES;
				CLANG_WARN_SUSPICIOUS_MOVE = YES;
				CLANG_WARN_UNGUARDED_AVAILABILITY = YES_AGGRESSIVE;
				CLANG_WARN_UNREACHABLE_CODE = YES;
				CLANG_WARN__DUPLICATE_METHOD_MATCH = YES;
				COPY_PHASE_STRIP = NO;
				DEBUG_INFORMATION_FORMAT = "dwarf-with-dsym";
				ENABLE_NS_ASSERTIONS = NO;
				ENABLE_STRICT_OBJC_MSGSEND = YES;
				GCC_C_LANGUAGE_STANDARD = gnu11;
				GCC_NO_COMMON_BLOCKS = YES;
				GCC_WARN_64_TO_32_BIT_CONVERSION = YES;
				GCC_WARN_ABOUT_RETURN_TYPE = YES_ERROR;
				GCC_WARN_UNDECLARED_SELECTOR = YES;
				GCC_WARN_UNINITIALIZED_AUTOS = YES_AGGRESSIVE;
				GCC_WARN_UNUSED_FUNCTION = YES;
				GCC_WARN_UNUSED_VARIABLE = YES;
				IPHONEOS_DEPLOYMENT_TARGET = 15.0;
				MTL_ENABLE_DEBUG_INFO = NO;
				MTL_FAST_MATH = YES;
				SDKROOT = iphoneos;
				SWIFT_COMPILATION_MODE = wholemodule;
				SWIFT_OPTIMIZATION_LEVEL = "-O";
				VALIDATE_PRODUCT = YES;
			};
			name = Release;
		};
		AD70A7D22750EFF600B6E4FA /* Debug */ = {
			isa = XCBuildConfiguration;
			buildSettings = {
				ASSETCATALOG_COMPILER_APPICON_NAME = AppIcon;
				ASSETCATALOG_COMPILER_GLOBAL_ACCENT_COLOR_NAME = AccentColor;
				CODE_SIGN_STYLE = Automatic;
				CURRENT_PROJECT_VERSION = 1;
				GENERATE_INFOPLIST_FILE = YES;
				INFOPLIST_FILE = "colection view/Info.plist";
				INFOPLIST_KEY_UIApplicationSupportsIndirectInputEvents = YES;
				INFOPLIST_KEY_UILaunchStoryboardName = LaunchScreen;
				INFOPLIST_KEY_UIMainStoryboardFile = Main;
				INFOPLIST_KEY_UISupportedInterfaceOrientations_iPad = "UIInterfaceOrientationPortrait UIInterfaceOrientationPortraitUpsideDown UIInterfaceOrientationLandscapeLeft UIInterfaceOrientationLandscapeRight";
				INFOPLIST_KEY_UISupportedInterfaceOrientations_iPhone = "UIInterfaceOrientationPortrait UIInterfaceOrientationLandscapeLeft UIInterfaceOrientationLandscapeRight";
				LD_RUNPATH_SEARCH_PATHS = (
					"$(inherited)",
					"@executable_path/Frameworks",
				);
				MARKETING_VERSION = 1.0;
				PRODUCT_BUNDLE_IDENTIFIER = "com.BitisGabonica.colection-view";
				PRODUCT_NAME = "$(TARGET_NAME)";
				SWIFT_EMIT_LOC_STRINGS = YES;
				SWIFT_VERSION = 5.0;
				TARGETED_DEVICE_FAMILY = "1,2";
			};
			name = Debug;
		};
		AD70A7D32750EFF600B6E4FA /* Release */ = {
			isa = XCBuildConfiguration;
			buildSettings = {
				ASSETCATALOG_COMPILER_APPICON_NAME = AppIcon;
				ASSETCATALOG_COMPILER_GLOBAL_ACCENT_COLOR_NAME = AccentColor;
				CODE_SIGN_STYLE = Automatic;
				CURRENT_PROJECT_VERSION = 1;
				GENERATE_INFOPLIST_FILE = YES;
				INFOPLIST_FILE = "colection view/Info.plist";
				INFOPLIST_KEY_UIApplicationSupportsIndirectInputEvents = YES;
				INFOPLIST_KEY_UILaunchStoryboardName = LaunchScreen;
				INFOPLIST_KEY_UIMainStoryboardFile = Main;
				INFOPLIST_KEY_UISupportedInterfaceOrientations_iPad = "UIInterfaceOrientationPortrait UIInterfaceOrientationPortraitUpsideDown UIInterfaceOrientationLandscapeLeft UIInterfaceOrientationLandscapeRight";
				INFOPLIST_KEY_UISupportedInterfaceOrientations_iPhone = "UIInterfaceOrientationPortrait UIInterfaceOrientationLandscapeLeft UIInterfaceOrientationLandscapeRight";
				LD_RUNPATH_SEARCH_PATHS = (
					"$(inherited)",
					"@executable_path/Frameworks",
				);
				MARKETING_VERSION = 1.0;
				PRODUCT_BUNDLE_IDENTIFIER = "com.BitisGabonica.colection-view";
				PRODUCT_NAME = "$(TARGET_NAME)";
				SWIFT_EMIT_LOC_STRINGS = YES;
				SWIFT_VERSION = 5.0;
				TARGETED_DEVICE_FAMILY = "1,2";
			};
			name = Release;
		};
/* End XCBuildConfiguration section */

/* Begin XCConfigurationList section */
		AD70A7B82750EFF200B6E4FA /* Build configuration list for PBXProject "collection view" */ = {
			isa = XCConfigurationList;
			buildConfigurations = (
				AD70A7CF2750EFF600B6E4FA /* Debug */,
				AD70A7D02750EFF600B6E4FA /* Release */,
			);
			defaultConfigurationIsVisible = 0;
			defaultConfigurationName = Release;
		};
		AD70A7D12750EFF600B6E4FA /* Build configuration list for PBXNativeTarget "collection view" */ = {
			isa = XCConfigurationList;
			buildConfigurations = (
				AD70A7D22750EFF600B6E4FA /* Debug */,
				AD70A7D32750EFF600B6E4FA /* Release */,
			);
			defaultConfigurationIsVisible = 0;
			defaultConfigurationName = Release;
		};
/* End XCConfigurationList section */
	};
	rootObject = AD70A7B52750EFF200B6E4FA /* Project object */;
}
